// !$*UTF8*$!
{
	archiveVersion = 1;
	classes = {
	};
	objectVersion = 46;
	objects = {

/* Begin PBXBuildFile section */
		D28B10301E6F0F25002697F3 /* main.m in Sources */ = {isa = PBXBuildFile; fileRef = D28B102F1E6F0F25002697F3 /* main.m */; };
		D28B10331E6F0F25002697F3 /* AppDelegate.m in Sources */ = {isa = PBXBuildFile; fileRef = D28B10321E6F0F25002697F3 /* AppDelegate.m */; };
		D28B10361E6F0F25002697F3 /* ViewController.m in Sources */ = {isa = PBXBuildFile; fileRef = D28B10351E6F0F25002697F3 /* ViewController.m */; };
		D28B10391E6F0F25002697F3 /* Main.storyboard in Resources */ = {isa = PBXBuildFile; fileRef = D28B10371E6F0F25002697F3 /* Main.storyboard */; };
		D28B103B1E6F0F25002697F3 /* Assets.xcassets in Resources */ = {isa = PBXBuildFile; fileRef = D28B103A1E6F0F25002697F3 /* Assets.xcassets */; };
		D28B103E1E6F0F25002697F3 /* LaunchScreen.storyboard in Resources */ = {isa = PBXBuildFile; fileRef = D28B103C1E6F0F25002697F3 /* LaunchScreen.storyboard */; };
		D28B10481E6F0F5C002697F3 /* NSString+MD5.m in Sources */ = {isa = PBXBuildFile; fileRef = D28B10471E6F0F5C002697F3 /* NSString+MD5.m */; };
/* End PBXBuildFile section */

/* Begin PBXFileReference section */
		D28B102B1E6F0F25002697F3 /* ZHWTools.app */ = {isa = PBXFileReference; explicitFileType = wrapper.application; includeInIndex = 0; path = ZHWTools.app; sourceTree = BUILT_PRODUCTS_DIR; };
		D28B102F1E6F0F25002697F3 /* main.m */ = {isa = PBXFileReference; lastKnownFileType = sourcecode.c.objc; path = main.m; sourceTree = "<group>"; };
		D28B10311E6F0F25002697F3 /* AppDelegate.h */ = {isa = PBXFileReference; lastKnownFileType = sourcecode.c.h; path = AppDelegate.h; sourceTree = "<group>"; };
		D28B10321E6F0F25002697F3 /* AppDelegate.m */ = {isa = PBXFileReference; lastKnownFileType = sourcecode.c.objc; path = AppDelegate.m; sourceTree = "<group>"; };
		D28B10341E6F0F25002697F3 /* ViewController.h */ = {isa = PBXFileReference; lastKnownFileType = sourcecode.c.h; path = ViewController.h; sourceTree = "<group>"; };
		D28B10351E6F0F25002697F3 /* ViewController.m */ = {isa = PBXFileReference; lastKnownFileType = sourcecode.c.objc; path = ViewController.m; sourceTree = "<group>"; };
		D28B10381E6F0F25002697F3 /* Base */ = {isa = PBXFileReference; lastKnownFileType = file.storyboard; name = Base; path = Base.lproj/Main.storyboard; sourceTree = "<group>"; };
		D28B103A1E6F0F25002697F3 /* Assets.xcassets */ = {isa = PBXFileReference; lastKnownFileType = folder.assetcatalog; path = Assets.xcassets; sourceTree = "<group>"; };
		D28B103D1E6F0F25002697F3 /* Base */ = {isa = PBXFileReference; lastKnownFileType = file.storyboard; name = Base; path = Base.lproj/LaunchScreen.storyboard; sourceTree = "<group>"; };
		D28B103F1E6F0F25002697F3 /* Info.plist */ = {isa = PBXFileReference; lastKnownFileType = text.plist.xml; path = Info.plist; sourceTree = "<group>"; };
		D28B10461E6F0F5C002697F3 /* NSString+MD5.h */ = {isa = PBXFileReference; fileEncoding = 4; lastKnownFileType = sourcecode.c.h; path = "NSString+MD5.h"; sourceTree = "<group>"; };
		D28B10471E6F0F5C002697F3 /* NSString+MD5.m */ = {isa = PBXFileReference; fileEncoding = 4; lastKnownFileType = sourcecode.c.objc; path = "NSString+MD5.m"; sourceTree = "<group>"; };
		D28B10491E6F0F76002697F3 /* PrefixHeader.pch */ = {isa = PBXFileReference; lastKnownFileType = sourcecode.c.h; path = PrefixHeader.pch; sourceTree = "<group>"; };
/* End PBXFileReference section */

/* Begin PBXFrameworksBuildPhase section */
		D28B10281E6F0F25002697F3 /* Frameworks */ = {
			isa = PBXFrameworksBuildPhase;
			buildActionMask = 2147483647;
			files = (
			);
			runOnlyForDeploymentPostprocessing = 0;
		};
/* End PBXFrameworksBuildPhase section */

/* Begin PBXGroup section */
		D28B10221E6F0F25002697F3 = {
			isa = PBXGroup;
			children = (
				D28B102D1E6F0F25002697F3 /* ZHWTools */,
				D28B102C1E6F0F25002697F3 /* Products */,
			);
			sourceTree = "<group>";
		};
		D28B102C1E6F0F25002697F3 /* Products */ = {
			isa = PBXGroup;
			children = (
				D28B102B1E6F0F25002697F3 /* ZHWTools.app */,
			);
			name = Products;
			sourceTree = "<group>";
		};
		D28B102D1E6F0F25002697F3 /* ZHWTools */ = {
			isa = PBXGroup;
			children = (
				D28B10451E6F0F5B002697F3 /* NSStringMD5 */,
				D28B10311E6F0F25002697F3 /* AppDelegate.h */,
				D28B10321E6F0F25002697F3 /* AppDelegate.m */,
				D28B10341E6F0F25002697F3 /* ViewController.h */,
				D28B10351E6F0F25002697F3 /* ViewController.m */,
				D28B10371E6F0F25002697F3 /* Main.storyboard */,
				D28B103A1E6F0F25002697F3 /* Assets.xcassets */,
				D28B103C1E6F0F25002697F3 /* LaunchScreen.storyboard */,
				D28B103F1E6F0F25002697F3 /* Info.plist */,
				D28B102E1E6F0F25002697F3 /* Supporting Files */,
			);
			path = ZHWTools;
			sourceTree = "<group>";
		};
		D28B102E1E6F0F25002697F3 /* Supporting Files */ = {
			isa = PBXGroup;
			children = (
				D28B10491E6F0F76002697F3 /* PrefixHeader.pch */,
				D28B102F1E6F0F25002697F3 /* main.m */,
			);
			name = "Supporting Files";
			sourceTree = "<group>";
		};
		D28B10451E6F0F5B002697F3 /* NSStringMD5 */ = {
			isa = PBXGroup;
			children = (
				D28B10461E6F0F5C002697F3 /* NSString+MD5.h */,
				D28B10471E6F0F5C002697F3 /* NSString+MD5.m */,
			);
			path = NSStringMD5;
			sourceTree = "<group>";
		};
/* End PBXGroup section */

/* Begin PBXNativeTarget section */
		D28B102A1E6F0F25002697F3 /* ZHWTools */ = {
			isa = PBXNativeTarget;
			buildConfigurationList = D28B10421E6F0F25002697F3 /* Build configuration list for PBXNativeTarget "ZHWTools" */;
			buildPhases = (
				D28B10271E6F0F25002697F3 /* Sources */,
				D28B10281E6F0F25002697F3 /* Frameworks */,
				D28B10291E6F0F25002697F3 /* Resources */,
			);
			buildRules = (
			);
			dependencies = (
			);
			name = ZHWTools;
			productName = ZHWTools;
			productReference = D28B102B1E6F0F25002697F3 /* ZHWTools.app */;
			productType = "com.apple.product-type.application";
		};
/* End PBXNativeTarget section */

/* Begin PBXProject section */
		D28B10231E6F0F25002697F3 /* Project object */ = {
			isa = PBXProject;
			attributes = {
				LastUpgradeCheck = 0820;
				ORGANIZATIONNAME = zhw;
				TargetAttributes = {
					D28B102A1E6F0F25002697F3 = {
						CreatedOnToolsVersion = 8.2.1;
						ProvisioningStyle = Automatic;
					};
				};
			};
			buildConfigurationList = D28B10261E6F0F25002697F3 /* Build configuration list for PBXProject "ZHWTools" */;
			compatibilityVersion = "Xcode 3.2";
			developmentRegion = English;
			hasScannedForEncodings = 0;
			knownRegions = (
				en,
				Base,
			);
			mainGroup = D28B10221E6F0F25002697F3;
			productRefGroup = D28B102C1E6F0F25002697F3 /* Products */;
			projectDirPath = "";
			projectRoot = "";
			targets = (
				D28B102A1E6F0F25002697F3 /* ZHWTools */,
			);
		};
/* End PBXProject section */

/* Begin PBXResourcesBuildPhase section */
		D28B10291E6F0F25002697F3 /* Resources */ = {
			isa = PBXResourcesBuildPhase;
			buildActionMask = 2147483647;
			files = (
				D28B103E1E6F0F25002697F3 /* LaunchScreen.storyboard in Resources */,
				D28B103B1E6F0F25002697F3 /* Assets.xcassets in Resources */,
				D28B10391E6F0F25002697F3 /* Main.storyboard in Resources */,
			);
			runOnlyForDeploymentPostprocessing = 0;
		};
/* End PBXResourcesBuildPhase section */

/* Begin PBXSourcesBuildPhase section */
		D28B10271E6F0F25002697F3 /* Sources */ = {
			isa = PBXSourcesBuildPhase;
			buildActionMask = 2147483647;
			files = (
				D28B10361E6F0F25002697F3 /* ViewController.m in Sources */,
				D28B10331E6F0F25002697F3 /* AppDelegate.m in Sources */,
				D28B10481E6F0F5C002697F3 /* NSString+MD5.m in Sources */,
				D28B10301E6F0F25002697F3 /* main.m in Sources */,
			);
			runOnlyForDeploymentPostprocessing = 0;
		};
/* End PBXSourcesBuildPhase section */

/* Begin PBXVariantGroup section */
		D28B10371E6F0F25002697F3 /* Main.storyboard */ = {
			isa = PBXVariantGroup;
			children = (
				D28B10381E6F0F25002697F3 /* Base */,
			);
			name = Main.storyboard;
			sourceTree = "<group>";
		};
		D28B103C1E6F0F25002697F3 /* LaunchScreen.storyboard */ = {
			isa = PBXVariantGroup;
			children = (
				D28B103D1E6F0F25002697F3 /* Base */,
			);
			name = LaunchScreen.storyboard;
			sourceTree = "<group>";
		};
/* End PBXVariantGroup section */

/* Begin XCBuildConfiguration section */
		D28B10401E6F0F25002697F3 /* Debug */ = {
			isa = XCBuildConfiguration;
			buildSettings = {
				ALWAYS_SEARCH_USER_PATHS = NO;
				CLANG_ANALYZER_NONNULL = YES;
				CLANG_CXX_LANGUAGE_STANDARD = "gnu++0x";
				CLANG_CXX_LIBRARY = "libc++";
				CLANG_ENABLE_MODULES = YES;
				CLANG_ENABLE_OBJC_ARC = YES;
				CLANG_WARN_BOOL_CONVERSION = YES;
				CLANG_WARN_CONSTANT_CONVERSION = YES;
				CLANG_WARN_DIRECT_OBJC_ISA_USAGE = YES_ERROR;
				CLANG_WARN_DOCUMENTATION_COMMENTS = YES;
				CLANG_WARN_EMPTY_BODY = YES;
				CLANG_WARN_ENUM_CONVERSION = YES;
				CLANG_WARN_INFINITE_RECURSION = YES;
				CLANG_WARN_INT_CONVERSION = YES;
				CLANG_WARN_OBJC_ROOT_CLASS = YES_ERROR;
				CLANG_WARN_SUSPICIOUS_MOVE = YES;
				CLANG_WARN_UNREACHABLE_CODE = YES;
				CLANG_WARN__DUPLICATE_METHOD_MATCH = YES;
				"CODE_SIGN_IDENTITY[sdk=iphoneos*]" = "iPhone Developer";
				COPY_PHASE_STRIP = NO;
				DEBUG_INFORMATION_FORMAT = dwarf;
				ENABLE_STRICT_OBJC_MSGSEND = YES;
				ENABLE_TESTABILITY = YES;
				GCC_C_LANGUAGE_STANDARD = gnu99;
				GCC_DYNAMIC_NO_PIC = NO;
				GCC_NO_COMMON_BLOCKS = YES;
				GCC_OPTIMIZATION_LEVEL = 0;
				GCC_PREPROCESSOR_DEFINITIONS = (
					"DEBUG=1",
					"$(inherited)",
				);
				GCC_WARN_64_TO_32_BIT_CONVERSION = YES;
				GCC_WARN_ABOUT_RETURN_TYPE = YES_ERROR;
				GCC_WARN_UNDECLARED_SELECTOR = YES;
				GCC_WARN_UNINITIALIZED_AUTOS = YES_AGGRESSIVE;
				GCC_WARN_UNUSED_FUNCTION = YES;
				GCC_WARN_UNUSED_VARIABLE = YES;
				IPHONEOS_DEPLOYMENT_TARGET = 10.2;
				MTL_ENABLE_DEBUG_INFO = YES;
				ONLY_ACTIVE_ARCH = YES;
				SDKROOT = iphoneos;
			};
			name = Debug;
		};
		D28B10411E6F0F25002697F3 /* Release */ = {
			isa = XCBuildConfiguration;
			buildSettings = {
				ALWAYS_SEARCH_USER_PATHS = NO;
				CLANG_ANALYZER_NONNULL = YES;
				CLANG_CXX_LANGUAGE_STANDARD = "gnu++0x";
				CLANG_CXX_LIBRARY = "libc++";
				CLANG_ENABLE_MODULES = YES;
				CLANG_ENABLE_OBJC_ARC = YES;
				CLANG_WARN_BOOL_CONVERSION = YES;
				CLANG_WARN_CONSTANT_CONVERSION = YES;
				CLANG_WARN_DIRECT_OBJC_ISA_USAGE = YES_ERROR;
				CLANG_WARN_DOCUMENTATION_COMMENTS = YES;
				CLANG_WARN_EMPTY_BODY = YES;
				CLANG_WARN_ENUM_CONVERSION = YES;
				CLANG_WARN_INFINITE_RECURSION = YES;
				CLANG_WARN_INT_CONVERSION = YES;
				CLANG_WARN_OBJC_ROOT_CLASS = YES_ERROR;
				CLANG_WARN_SUSPICIOUS_MOVE = YES;
				CLANG_WARN_UNREACHABLE_CODE = YES;
				CLANG_WARN__DUPLICATE_METHOD_MATCH = YES;
				"CODE_SIGN_IDENTITY[sdk=iphoneos*]" = "iPhone Developer";
				COPY_PHASE_STRIP = NO;
				DEBUG_INFORMATION_FORMAT = "dwarf-with-dsym";
				ENABLE_NS_ASSERTIONS = NO;
				ENABLE_STRICT_OBJC_MSGSEND = YES;
				GCC_C_LANGUAGE_STANDARD = gnu99;
				GCC_NO_COMMON_BLOCKS = YES;
				GCC_WARN_64_TO_32_BIT_CONVERSION = YES;
				GCC_WARN_ABOUT_RETURN_TYPE = YES_ERROR;
				GCC_WARN_UNDECLARED_SELECTOR = YES;
				GCC_WARN_UNINITIALIZED_AUTOS = YES_AGGRESSIVE;
				GCC_WARN_UNUSED_FUNCTION = YES;
				GCC_WARN_UNUSED_VARIABLE = YES;
				IPHONEOS_DEPLOYMENT_TARGET = 10.2;
				MTL_ENABLE_DEBUG_INFO = NO;
				SDKROOT = iphoneos;
				VALIDATE_PRODUCT = YES;
			};
			name = Release;
		};
		D28B10431E6F0F25002697F3 /* Debug */ = {
			isa = XCBuildConfiguration;
			buildSettings = {
				ASSETCATALOG_COMPILER_APPICON_NAME = AppIcon;
				GCC_PREFIX_HEADER = "$(SRCROOT)/ZHWTools/PrefixHeader.pch";
				INFOPLIST_FILE = ZHWTools/Info.plist;
				LD_RUNPATH_SEARCH_PATHS = "$(inherited) @executable_path/Frameworks";
				PRODUCT_BUNDLE_IDENTIFIER = zhw.ZHWTools;
				PRODUCT_NAME = "$(TARGET_NAME)";
			};
			name = Debug;
		};
		D28B10441E6F0F25002697F3 /* Release */ = {
			isa = XCBuildConfiguration;
			buildSettings = {
				ASSETCATALOG_COMPILER_APPICON_NAME = AppIcon;
				GCC_PREFIX_HEADER = "$(SRCROOT)/ZHWTools/PrefixHeader.pch";
				INFOPLIST_FILE = ZHWTools/Info.plist;
				LD_RUNPATH_SEARCH_PATHS = "$(inherited) @executable_path/Frameworks";
				PRODUCT_BUNDLE_IDENTIFIER = zhw.ZHWTools;
				PRODUCT_NAME = "$(TARGET_NAME)";
			};
			name = Release;
		};
/* End XCBuildConfiguration section */

/* Begin XCConfigurationList section */
		D28B10261E6F0F25002697F3 /* Build configuration list for PBXProject "ZHWTools" */ = {
			isa = XCConfigurationList;
			buildConfigurations = (
				D28B10401E6F0F25002697F3 /* Debug */,
				D28B10411E6F0F25002697F3 /* Release */,
			);
			defaultConfigurationIsVisible = 0;
			defaultConfigurationName = Release;
		};
		D28B10421E6F0F25002697F3 /* Build configuration list for PBXNativeTarget "ZHWTools" */ = {
			isa = XCConfigurationList;
			buildConfigurations = (
				D28B10431E6F0F25002697F3 /* Debug */,
				D28B10441E6F0F25002697F3 /* Release */,
			);
			defaultConfigurationIsVisible = 0;
		};
/* End XCConfigurationList section */
	};
	rootObject = D28B10231E6F0F25002697F3 /* Project object */;
}
