// !$*UTF8*$!
{
	archiveVersion = 1;
	classes = {
	};
	objectVersion = 46;
	objects = {

/* Begin PBXBuildFile section */
		D28B0FE81E6EEE34002697F3 /* main.m in Sources */ = {isa = PBXBuildFile; fileRef = D28B0FE71E6EEE34002697F3 /* main.m */; };
		D28B0FEB1E6EEE34002697F3 /* AppDelegate.m in Sources */ = {isa = PBXBuildFile; fileRef = D28B0FEA1E6EEE34002697F3 /* AppDelegate.m */; };
		D28B0FEE1E6EEE34002697F3 /* ViewController.m in Sources */ = {isa = PBXBuildFile; fileRef = D28B0FED1E6EEE34002697F3 /* ViewController.m */; };
		D28B0FF11E6EEE34002697F3 /* Main.storyboard in Resources */ = {isa = PBXBuildFile; fileRef = D28B0FEF1E6EEE34002697F3 /* Main.storyboard */; };
		D28B0FF31E6EEE34002697F3 /* Assets.xcassets in Resources */ = {isa = PBXBuildFile; fileRef = D28B0FF21E6EEE34002697F3 /* Assets.xcassets */; };
		D28B0FF61E6EEE34002697F3 /* LaunchScreen.storyboard in Resources */ = {isa = PBXBuildFile; fileRef = D28B0FF41E6EEE34002697F3 /* LaunchScreen.storyboard */; };
		D28B10011E6EEE34002697F3 /* MD5Tests.m in Sources */ = {isa = PBXBuildFile; fileRef = D28B10001E6EEE34002697F3 /* MD5Tests.m */; };
		D28B100C1E6EEE34002697F3 /* MD5UITests.m in Sources */ = {isa = PBXBuildFile; fileRef = D28B100B1E6EEE34002697F3 /* MD5UITests.m */; };
		D28B101C1E6EEECA002697F3 /* NSString+MD5.m in Sources */ = {isa = PBXBuildFile; fileRef = D28B101B1E6EEECA002697F3 /* NSString+MD5.m */; };
/* End PBXBuildFile section */

/* Begin PBXContainerItemProxy section */
		D28B0FFD1E6EEE34002697F3 /* PBXContainerItemProxy */ = {
			isa = PBXContainerItemProxy;
			containerPortal = D28B0FDB1E6EEE34002697F3 /* Project object */;
			proxyType = 1;
			remoteGlobalIDString = D28B0FE21E6EEE34002697F3;
			remoteInfo = MD5;
		};
		D28B10081E6EEE34002697F3 /* PBXContainerItemProxy */ = {
			isa = PBXContainerItemProxy;
			containerPortal = D28B0FDB1E6EEE34002697F3 /* Project object */;
			proxyType = 1;
			remoteGlobalIDString = D28B0FE21E6EEE34002697F3;
			remoteInfo = MD5;
		};
/* End PBXContainerItemProxy section */

/* Begin PBXFileReference section */
		D28B0FE31E6EEE34002697F3 /* MD5.app */ = {isa = PBXFileReference; explicitFileType = wrapper.application; includeInIndex = 0; path = MD5.app; sourceTree = BUILT_PRODUCTS_DIR; };
		D28B0FE71E6EEE34002697F3 /* main.m */ = {isa = PBXFileReference; lastKnownFileType = sourcecode.c.objc; path = main.m; sourceTree = "<group>"; };
		D28B0FE91E6EEE34002697F3 /* AppDelegate.h */ = {isa = PBXFileReference; lastKnownFileType = sourcecode.c.h; path = AppDelegate.h; sourceTree = "<group>"; };
		D28B0FEA1E6EEE34002697F3 /* AppDelegate.m */ = {isa = PBXFileReference; lastKnownFileType = sourcecode.c.objc; path = AppDelegate.m; sourceTree = "<group>"; };
		D28B0FEC1E6EEE34002697F3 /* ViewController.h */ = {isa = PBXFileReference; lastKnownFileType = sourcecode.c.h; path = ViewController.h; sourceTree = "<group>"; };
		D28B0FED1E6EEE34002697F3 /* ViewController.m */ = {isa = PBXFileReference; lastKnownFileType = sourcecode.c.objc; path = ViewController.m; sourceTree = "<group>"; };
		D28B0FF01E6EEE34002697F3 /* Base */ = {isa = PBXFileReference; lastKnownFileType = file.storyboard; name = Base; path = Base.lproj/Main.storyboard; sourceTree = "<group>"; };
		D28B0FF21E6EEE34002697F3 /* Assets.xcassets */ = {isa = PBXFileReference; lastKnownFileType = folder.assetcatalog; path = Assets.xcassets; sourceTree = "<group>"; };
		D28B0FF51E6EEE34002697F3 /* Base */ = {isa = PBXFileReference; lastKnownFileType = file.storyboard; name = Base; path = Base.lproj/LaunchScreen.storyboard; sourceTree = "<group>"; };
		D28B0FF71E6EEE34002697F3 /* Info.plist */ = {isa = PBXFileReference; lastKnownFileType = text.plist.xml; path = Info.plist; sourceTree = "<group>"; };
		D28B0FFC1E6EEE34002697F3 /* MD5Tests.xctest */ = {isa = PBXFileReference; explicitFileType = wrapper.cfbundle; includeInIndex = 0; path = MD5Tests.xctest; sourceTree = BUILT_PRODUCTS_DIR; };
		D28B10001E6EEE34002697F3 /* MD5Tests.m */ = {isa = PBXFileReference; lastKnownFileType = sourcecode.c.objc; path = MD5Tests.m; sourceTree = "<group>"; };
		D28B10021E6EEE34002697F3 /* Info.plist */ = {isa = PBXFileReference; lastKnownFileType = text.plist.xml; path = Info.plist; sourceTree = "<group>"; };
		D28B10071E6EEE34002697F3 /* MD5UITests.xctest */ = {isa = PBXFileReference; explicitFileType = wrapper.cfbundle; includeInIndex = 0; path = MD5UITests.xctest; sourceTree = BUILT_PRODUCTS_DIR; };
		D28B100B1E6EEE34002697F3 /* MD5UITests.m */ = {isa = PBXFileReference; lastKnownFileType = sourcecode.c.objc; path = MD5UITests.m; sourceTree = "<group>"; };
		D28B100D1E6EEE34002697F3 /* Info.plist */ = {isa = PBXFileReference; lastKnownFileType = text.plist.xml; path = Info.plist; sourceTree = "<group>"; };
		D28B101A1E6EEECA002697F3 /* NSString+MD5.h */ = {isa = PBXFileReference; fileEncoding = 4; lastKnownFileType = sourcecode.c.h; path = "NSString+MD5.h"; sourceTree = "<group>"; };
		D28B101B1E6EEECA002697F3 /* NSString+MD5.m */ = {isa = PBXFileReference; fileEncoding = 4; lastKnownFileType = sourcecode.c.objc; path = "NSString+MD5.m"; sourceTree = "<group>"; };
/* End PBXFileReference section */

/* Begin PBXFrameworksBuildPhase section */
		D28B0FE01E6EEE34002697F3 /* Frameworks */ = {
			isa = PBXFrameworksBuildPhase;
			buildActionMask = 2147483647;
			files = (
			);
			runOnlyForDeploymentPostprocessing = 0;
		};
		D28B0FF91E6EEE34002697F3 /* Frameworks */ = {
			isa = PBXFrameworksBuildPhase;
			buildActionMask = 2147483647;
			files = (
			);
			runOnlyForDeploymentPostprocessing = 0;
		};
		D28B10041E6EEE34002697F3 /* Frameworks */ = {
			isa = PBXFrameworksBuildPhase;
			buildActionMask = 2147483647;
			files = (
			);
			runOnlyForDeploymentPostprocessing = 0;
		};
/* End PBXFrameworksBuildPhase section */

/* Begin PBXGroup section */
		D28B0FDA1E6EEE34002697F3 = {
			isa = PBXGroup;
			children = (
				D28B0FE51E6EEE34002697F3 /* MD5 */,
				D28B0FFF1E6EEE34002697F3 /* MD5Tests */,
				D28B100A1E6EEE34002697F3 /* MD5UITests */,
				D28B0FE41E6EEE34002697F3 /* Products */,
			);
			sourceTree = "<group>";
		};
		D28B0FE41E6EEE34002697F3 /* Products */ = {
			isa = PBXGroup;
			children = (
				D28B0FE31E6EEE34002697F3 /* MD5.app */,
				D28B0FFC1E6EEE34002697F3 /* MD5Tests.xctest */,
				D28B10071E6EEE34002697F3 /* MD5UITests.xctest */,
			);
			name = Products;
			sourceTree = "<group>";
		};
		D28B0FE51E6EEE34002697F3 /* MD5 */ = {
			isa = PBXGroup;
			children = (
				D28B10191E6EEEC2002697F3 /* NSStringMD5 */,
				D28B0FE91E6EEE34002697F3 /* AppDelegate.h */,
				D28B0FEA1E6EEE34002697F3 /* AppDelegate.m */,
				D28B0FEC1E6EEE34002697F3 /* ViewController.h */,
				D28B0FED1E6EEE34002697F3 /* ViewController.m */,
				D28B0FEF1E6EEE34002697F3 /* Main.storyboard */,
				D28B0FF21E6EEE34002697F3 /* Assets.xcassets */,
				D28B0FF41E6EEE34002697F3 /* LaunchScreen.storyboard */,
				D28B0FF71E6EEE34002697F3 /* Info.plist */,
				D28B0FE61E6EEE34002697F3 /* Supporting Files */,
			);
			path = MD5;
			sourceTree = "<group>";
		};
		D28B0FE61E6EEE34002697F3 /* Supporting Files */ = {
			isa = PBXGroup;
			children = (
				D28B0FE71E6EEE34002697F3 /* main.m */,
			);
			name = "Supporting Files";
			sourceTree = "<group>";
		};
		D28B0FFF1E6EEE34002697F3 /* MD5Tests */ = {
			isa = PBXGroup;
			children = (
				D28B10001E6EEE34002697F3 /* MD5Tests.m */,
				D28B10021E6EEE34002697F3 /* Info.plist */,
			);
			path = MD5Tests;
			sourceTree = "<group>";
		};
		D28B100A1E6EEE34002697F3 /* MD5UITests */ = {
			isa = PBXGroup;
			children = (
				D28B100B1E6EEE34002697F3 /* MD5UITests.m */,
				D28B100D1E6EEE34002697F3 /* Info.plist */,
			);
			path = MD5UITests;
			sourceTree = "<group>";
		};
		D28B10191E6EEEC2002697F3 /* NSStringMD5 */ = {
			isa = PBXGroup;
			children = (
				D28B101A1E6EEECA002697F3 /* NSString+MD5.h */,
				D28B101B1E6EEECA002697F3 /* NSString+MD5.m */,
			);
			path = NSStringMD5;
			sourceTree = "<group>";
		};
/* End PBXGroup section */

/* Begin PBXNativeTarget section */
		D28B0FE21E6EEE34002697F3 /* MD5 */ = {
			isa = PBXNativeTarget;
			buildConfigurationList = D28B10101E6EEE34002697F3 /* Build configuration list for PBXNativeTarget "MD5" */;
			buildPhases = (
				D28B0FDF1E6EEE34002697F3 /* Sources */,
				D28B0FE01E6EEE34002697F3 /* Frameworks */,
				D28B0FE11E6EEE34002697F3 /* Resources */,
			);
			buildRules = (
			);
			dependencies = (
			);
			name = MD5;
			productName = MD5;
			productReference = D28B0FE31E6EEE34002697F3 /* MD5.app */;
			productType = "com.apple.product-type.application";
		};
		D28B0FFB1E6EEE34002697F3 /* MD5Tests */ = {
			isa = PBXNativeTarget;
			buildConfigurationList = D28B10131E6EEE34002697F3 /* Build configuration list for PBXNativeTarget "MD5Tests" */;
			buildPhases = (
				D28B0FF81E6EEE34002697F3 /* Sources */,
				D28B0FF91E6EEE34002697F3 /* Frameworks */,
				D28B0FFA1E6EEE34002697F3 /* Resources */,
			);
			buildRules = (
			);
			dependencies = (
				D28B0FFE1E6EEE34002697F3 /* PBXTargetDependency */,
			);
			name = MD5Tests;
			productName = MD5Tests;
			productReference = D28B0FFC1E6EEE34002697F3 /* MD5Tests.xctest */;
			productType = "com.apple.product-type.bundle.unit-test";
		};
		D28B10061E6EEE34002697F3 /* MD5UITests */ = {
			isa = PBXNativeTarget;
			buildConfigurationList = D28B10161E6EEE34002697F3 /* Build configuration list for PBXNativeTarget "MD5UITests" */;
			buildPhases = (
				D28B10031E6EEE34002697F3 /* Sources */,
				D28B10041E6EEE34002697F3 /* Frameworks */,
				D28B10051E6EEE34002697F3 /* Resources */,
			);
			buildRules = (
			);
			dependencies = (
				D28B10091E6EEE34002697F3 /* PBXTargetDependency */,
			);
			name = MD5UITests;
			productName = MD5UITests;
			productReference = D28B10071E6EEE34002697F3 /* MD5UITests.xctest */;
			productType = "com.apple.product-type.bundle.ui-testing";
		};
/* End PBXNativeTarget section */

/* Begin PBXProject section */
		D28B0FDB1E6EEE34002697F3 /* Project object */ = {
			isa = PBXProject;
			attributes = {
				LastUpgradeCheck = 0820;
				ORGANIZATIONNAME = zhw;
				TargetAttributes = {
					D28B0FE21E6EEE34002697F3 = {
						CreatedOnToolsVersion = 8.2.1;
						ProvisioningStyle = Automatic;
					};
					D28B0FFB1E6EEE34002697F3 = {
						CreatedOnToolsVersion = 8.2.1;
						ProvisioningStyle = Automatic;
						TestTargetID = D28B0FE21E6EEE34002697F3;
					};
					D28B10061E6EEE34002697F3 = {
						CreatedOnToolsVersion = 8.2.1;
						ProvisioningStyle = Automatic;
						TestTargetID = D28B0FE21E6EEE34002697F3;
					};
				};
			};
			buildConfigurationList = D28B0FDE1E6EEE34002697F3 /* Build configuration list for PBXProject "MD5" */;
			compatibilityVersion = "Xcode 3.2";
			developmentRegion = English;
			hasScannedForEncodings = 0;
			knownRegions = (
				en,
				Base,
			);
			mainGroup = D28B0FDA1E6EEE34002697F3;
			productRefGroup = D28B0FE41E6EEE34002697F3 /* Products */;
			projectDirPath = "";
			projectRoot = "";
			targets = (
				D28B0FE21E6EEE34002697F3 /* MD5 */,
				D28B0FFB1E6EEE34002697F3 /* MD5Tests */,
				D28B10061E6EEE34002697F3 /* MD5UITests */,
			);
		};
/* End PBXProject section */

/* Begin PBXResourcesBuildPhase section */
		D28B0FE11E6EEE34002697F3 /* Resources */ = {
			isa = PBXResourcesBuildPhase;
			buildActionMask = 2147483647;
			files = (
				D28B0FF61E6EEE34002697F3 /* LaunchScreen.storyboard in Resources */,
				D28B0FF31E6EEE34002697F3 /* Assets.xcassets in Resources */,
				D28B0FF11E6EEE34002697F3 /* Main.storyboard in Resources */,
			);
			runOnlyForDeploymentPostprocessing = 0;
		};
		D28B0FFA1E6EEE34002697F3 /* Resources */ = {
			isa = PBXResourcesBuildPhase;
			buildActionMask = 2147483647;
			files = (
			);
			runOnlyForDeploymentPostprocessing = 0;
		};
		D28B10051E6EEE34002697F3 /* Resources */ = {
			isa = PBXResourcesBuildPhase;
			buildActionMask = 2147483647;
			files = (
			);
			runOnlyForDeploymentPostprocessing = 0;
		};
/* End PBXResourcesBuildPhase section */

/* Begin PBXSourcesBuildPhase section */
		D28B0FDF1E6EEE34002697F3 /* Sources */ = {
			isa = PBXSourcesBuildPhase;
			buildActionMask = 2147483647;
			files = (
				D28B0FEE1E6EEE34002697F3 /* ViewController.m in Sources */,
				D28B0FEB1E6EEE34002697F3 /* AppDelegate.m in Sources */,
				D28B101C1E6EEECA002697F3 /* NSString+MD5.m in Sources */,
				D28B0FE81E6EEE34002697F3 /* main.m in Sources */,
			);
			runOnlyForDeploymentPostprocessing = 0;
		};
		D28B0FF81E6EEE34002697F3 /* Sources */ = {
			isa = PBXSourcesBuildPhase;
			buildActionMask = 2147483647;
			files = (
				D28B10011E6EEE34002697F3 /* MD5Tests.m in Sources */,
			);
			runOnlyForDeploymentPostprocessing = 0;
		};
		D28B10031E6EEE34002697F3 /* Sources */ = {
			isa = PBXSourcesBuildPhase;
			buildActionMask = 2147483647;
			files = (
				D28B100C1E6EEE34002697F3 /* MD5UITests.m in Sources */,
			);
			runOnlyForDeploymentPostprocessing = 0;
		};
/* End PBXSourcesBuildPhase section */

/* Begin PBXTargetDependency section */
		D28B0FFE1E6EEE34002697F3 /* PBXTargetDependency */ = {
			isa = PBXTargetDependency;
			target = D28B0FE21E6EEE34002697F3 /* MD5 */;
			targetProxy = D28B0FFD1E6EEE34002697F3 /* PBXContainerItemProxy */;
		};
		D28B10091E6EEE34002697F3 /* PBXTargetDependency */ = {
			isa = PBXTargetDependency;
			target = D28B0FE21E6EEE34002697F3 /* MD5 */;
			targetProxy = D28B10081E6EEE34002697F3 /* PBXContainerItemProxy */;
		};
/* End PBXTargetDependency section */

/* Begin PBXVariantGroup section */
		D28B0FEF1E6EEE34002697F3 /* Main.storyboard */ = {
			isa = PBXVariantGroup;
			children = (
				D28B0FF01E6EEE34002697F3 /* Base */,
			);
			name = Main.storyboard;
			sourceTree = "<group>";
		};
		D28B0FF41E6EEE34002697F3 /* LaunchScreen.storyboard */ = {
			isa = PBXVariantGroup;
			children = (
				D28B0FF51E6EEE34002697F3 /* Base */,
			);
			name = LaunchScreen.storyboard;
			sourceTree = "<group>";
		};
/* End PBXVariantGroup section */

/* Begin XCBuildConfiguration section */
		D28B100E1E6EEE34002697F3 /* Debug */ = {
			isa = XCBuildConfiguration;
			buildSettings = {
				ALWAYS_SEARCH_USER_PATHS = NO;
				CLANG_ANALYZER_NONNULL = YES;
				CLANG_CXX_LANGUAGE_STANDARD = "gnu++0x";
				CLANG_CXX_LIBRARY = "libc++";
				CLANG_ENABLE_MODULES = YES;
				CLANG_ENABLE_OBJC_ARC = YES;
				CLANG_WARN_BOOL_CONVERSION = YES;
				CLANG_WARN_CONSTANT_CONVERSION = YES;
				CLANG_WARN_DIRECT_OBJC_ISA_USAGE = YES_ERROR;
				CLANG_WARN_DOCUMENTATION_COMMENTS = YES;
				CLANG_WARN_EMPTY_BODY = YES;
				CLANG_WARN_ENUM_CONVERSION = YES;
				CLANG_WARN_INFINITE_RECURSION = YES;
				CLANG_WARN_INT_CONVERSION = YES;
				CLANG_WARN_OBJC_ROOT_CLASS = YES_ERROR;
				CLANG_WARN_SUSPICIOUS_MOVE = YES;
				CLANG_WARN_UNREACHABLE_CODE = YES;
				CLANG_WARN__DUPLICATE_METHOD_MATCH = YES;
				"CODE_SIGN_IDENTITY[sdk=iphoneos*]" = "iPhone Developer";
				COPY_PHASE_STRIP = NO;
				DEBUG_INFORMATION_FORMAT = dwarf;
				ENABLE_STRICT_OBJC_MSGSEND = YES;
				ENABLE_TESTABILITY = YES;
				GCC_C_LANGUAGE_STANDARD = gnu99;
				GCC_DYNAMIC_NO_PIC = NO;
				GCC_NO_COMMON_BLOCKS = YES;
				GCC_OPTIMIZATION_LEVEL = 0;
				GCC_PREPROCESSOR_DEFINITIONS = (
					"DEBUG=1",
					"$(inherited)",
				);
				GCC_WARN_64_TO_32_BIT_CONVERSION = YES;
				GCC_WARN_ABOUT_RETURN_TYPE = YES_ERROR;
				GCC_WARN_UNDECLARED_SELECTOR = YES;
				GCC_WARN_UNINITIALIZED_AUTOS = YES_AGGRESSIVE;
				GCC_WARN_UNUSED_FUNCTION = YES;
				GCC_WARN_UNUSED_VARIABLE = YES;
				IPHONEOS_DEPLOYMENT_TARGET = 10.2;
				MTL_ENABLE_DEBUG_INFO = YES;
				ONLY_ACTIVE_ARCH = YES;
				SDKROOT = iphoneos;
				TARGETED_DEVICE_FAMILY = "1,2";
			};
			name = Debug;
		};
		D28B100F1E6EEE34002697F3 /* Release */ = {
			isa = XCBuildConfiguration;
			buildSettings = {
				ALWAYS_SEARCH_USER_PATHS = NO;
				CLANG_ANALYZER_NONNULL = YES;
				CLANG_CXX_LANGUAGE_STANDARD = "gnu++0x";
				CLANG_CXX_LIBRARY = "libc++";
				CLANG_ENABLE_MODULES = YES;
				CLANG_ENABLE_OBJC_ARC = YES;
				CLANG_WARN_BOOL_CONVERSION = YES;
				CLANG_WARN_CONSTANT_CONVERSION = YES;
				CLANG_WARN_DIRECT_OBJC_ISA_USAGE = YES_ERROR;
				CLANG_WARN_DOCUMENTATION_COMMENTS = YES;
				CLANG_WARN_EMPTY_BODY = YES;
				CLANG_WARN_ENUM_CONVERSION = YES;
				CLANG_WARN_INFINITE_RECURSION = YES;
				CLANG_WARN_INT_CONVERSION = YES;
				CLANG_WARN_OBJC_ROOT_CLASS = YES_ERROR;
				CLANG_WARN_SUSPICIOUS_MOVE = YES;
				CLANG_WARN_UNREACHABLE_CODE = YES;
				CLANG_WARN__DUPLICATE_METHOD_MATCH = YES;
				"CODE_SIGN_IDENTITY[sdk=iphoneos*]" = "iPhone Developer";
				COPY_PHASE_STRIP = NO;
				DEBUG_INFORMATION_FORMAT = "dwarf-with-dsym";
				ENABLE_NS_ASSERTIONS = NO;
				ENABLE_STRICT_OBJC_MSGSEND = YES;
				GCC_C_LANGUAGE_STANDARD = gnu99;
				GCC_NO_COMMON_BLOCKS = YES;
				GCC_WARN_64_TO_32_BIT_CONVERSION = YES;
				GCC_WARN_ABOUT_RETURN_TYPE = YES_ERROR;
				GCC_WARN_UNDECLARED_SELECTOR = YES;
				GCC_WARN_UNINITIALIZED_AUTOS = YES_AGGRESSIVE;
				GCC_WARN_UNUSED_FUNCTION = YES;
				GCC_WARN_UNUSED_VARIABLE = YES;
				IPHONEOS_DEPLOYMENT_TARGET = 10.2;
				MTL_ENABLE_DEBUG_INFO = NO;
				SDKROOT = iphoneos;
				TARGETED_DEVICE_FAMILY = "1,2";
				VALIDATE_PRODUCT = YES;
			};
			name = Release;
		};
		D28B10111E6EEE34002697F3 /* Debug */ = {
			isa = XCBuildConfiguration;
			buildSettings = {
				ASSETCATALOG_COMPILER_APPICON_NAME = AppIcon;
				INFOPLIST_FILE = MD5/Info.plist;
				LD_RUNPATH_SEARCH_PATHS = "$(inherited) @executable_path/Frameworks";
				PRODUCT_BUNDLE_IDENTIFIER = zhw.MD5;
				PRODUCT_NAME = "$(TARGET_NAME)";
			};
			name = Debug;
		};
		D28B10121E6EEE34002697F3 /* Release */ = {
			isa = XCBuildConfiguration;
			buildSettings = {
				ASSETCATALOG_COMPILER_APPICON_NAME = AppIcon;
				INFOPLIST_FILE = MD5/Info.plist;
				LD_RUNPATH_SEARCH_PATHS = "$(inherited) @executable_path/Frameworks";
				PRODUCT_BUNDLE_IDENTIFIER = zhw.MD5;
				PRODUCT_NAME = "$(TARGET_NAME)";
			};
			name = Release;
		};
		D28B10141E6EEE34002697F3 /* Debug */ = {
			isa = XCBuildConfiguration;
			buildSettings = {
				BUNDLE_LOADER = "$(TEST_HOST)";
				INFOPLIST_FILE = MD5Tests/Info.plist;
				LD_RUNPATH_SEARCH_PATHS = "$(inherited) @executable_path/Frameworks @loader_path/Frameworks";
				PRODUCT_BUNDLE_IDENTIFIER = zhw.MD5Tests;
				PRODUCT_NAME = "$(TARGET_NAME)";
				TEST_HOST = "$(BUILT_PRODUCTS_DIR)/MD5.app/MD5";
			};
			name = Debug;
		};
		D28B10151E6EEE34002697F3 /* Release */ = {
			isa = XCBuildConfiguration;
			buildSettings = {
				BUNDLE_LOADER = "$(TEST_HOST)";
				INFOPLIST_FILE = MD5Tests/Info.plist;
				LD_RUNPATH_SEARCH_PATHS = "$(inherited) @executable_path/Frameworks @loader_path/Frameworks";
				PRODUCT_BUNDLE_IDENTIFIER = zhw.MD5Tests;
				PRODUCT_NAME = "$(TARGET_NAME)";
				TEST_HOST = "$(BUILT_PRODUCTS_DIR)/MD5.app/MD5";
			};
			name = Release;
		};
		D28B10171E6EEE34002697F3 /* Debug */ = {
			isa = XCBuildConfiguration;
			buildSettings = {
				INFOPLIST_FILE = MD5UITests/Info.plist;
				LD_RUNPATH_SEARCH_PATHS = "$(inherited) @executable_path/Frameworks @loader_path/Frameworks";
				PRODUCT_BUNDLE_IDENTIFIER = zhw.MD5UITests;
				PRODUCT_NAME = "$(TARGET_NAME)";
				TEST_TARGET_NAME = MD5;
			};
			name = Debug;
		};
		D28B10181E6EEE34002697F3 /* Release */ = {
			isa = XCBuildConfiguration;
			buildSettings = {
				INFOPLIST_FILE = MD5UITests/Info.plist;
				LD_RUNPATH_SEARCH_PATHS = "$(inherited) @executable_path/Frameworks @loader_path/Frameworks";
				PRODUCT_BUNDLE_IDENTIFIER = zhw.MD5UITests;
				PRODUCT_NAME = "$(TARGET_NAME)";
				TEST_TARGET_NAME = MD5;
			};
			name = Release;
		};
/* End XCBuildConfiguration section */

/* Begin XCConfigurationList section */
		D28B0FDE1E6EEE34002697F3 /* Build configuration list for PBXProject "MD5" */ = {
			isa = XCConfigurationList;
			buildConfigurations = (
				D28B100E1E6EEE34002697F3 /* Debug */,
				D28B100F1E6EEE34002697F3 /* Release */,
			);
			defaultConfigurationIsVisible = 0;
			defaultConfigurationName = Release;
		};
		D28B10101E6EEE34002697F3 /* Build configuration list for PBXNativeTarget "MD5" */ = {
			isa = XCConfigurationList;
			buildConfigurations = (
				D28B10111E6EEE34002697F3 /* Debug */,
				D28B10121E6EEE34002697F3 /* Release */,
			);
			defaultConfigurationIsVisible = 0;
		};
		D28B10131E6EEE34002697F3 /* Build configuration list for PBXNativeTarget "MD5Tests" */ = {
			isa = XCConfigurationList;
			buildConfigurations = (
				D28B10141E6EEE34002697F3 /* Debug */,
				D28B10151E6EEE34002697F3 /* Release */,
			);
			defaultConfigurationIsVisible = 0;
		};
		D28B10161E6EEE34002697F3 /* Build configuration list for PBXNativeTarget "MD5UITests" */ = {
			isa = XCConfigurationList;
			buildConfigurations = (
				D28B10171E6EEE34002697F3 /* Debug */,
				D28B10181E6EEE34002697F3 /* Release */,
			);
			defaultConfigurationIsVisible = 0;
		};
/* End XCConfigurationList section */
	};
	rootObject = D28B0FDB1E6EEE34002697F3 /* Project object */;
}
